
Microsoft Visual Studio Solution File, Format Version 12.00
# Visual Studio Version 17
VisualStudioVersion = 17.14.36414.22 d17.14
MinimumVisualStudioVersion = 10.0.40219.1
Project("{FAE04EC0-301F-11D3-BF4B-00C04F79EFBC}") = "Testbed.Console", "Testbed.Console\Testbed.Console.csproj", "{5CB38774-1A83-4B21-AE76-CAE04DBC4996}"
EndProject
Project("{FAE04EC0-301F-11D3-BF4B-00C04F79EFBC}") = "Testbed.Common", "Testbed.Common\Testbed.Common.csproj", "{0A585DD5-5132-4DAB-B5D7-AFC995F7A40F}"
EndProject
Global
	GlobalSection(SolutionConfigurationPlatforms) = preSolution
		Debug|Any CPU = Debug|Any CPU
		Release|Any CPU = Release|Any CPU
	EndGlobalSection
	GlobalSection(ProjectConfigurationPlatforms) = postSolution
		{5CB38774-1A83-4B21-AE76-CAE04DBC4996}.Debug|Any CPU.ActiveCfg = Debug|Any CPU
		{5CB38774-1A83-4B21-AE76-CAE04DBC4996}.Debug|Any CPU.Build.0 = Debug|Any CPU
		{5CB38774-1A83-4B21-AE76-CAE04DBC4996}.Release|Any CPU.ActiveCfg = Release|Any CPU
		{5CB38774-1A83-4B21-AE76-CAE04DBC4996}.Release|Any CPU.Build.0 = Release|Any CPU
		{0A585DD5-5132-4DAB-B5D7-AFC995F7A40F}.Debug|Any CPU.ActiveCfg = Debug|Any CPU
		{0A585DD5-5132-4DAB-B5D7-AFC995F7A40F}.Debug|Any CPU.Build.0 = Debug|Any CPU
		{0A585DD5-5132-4DAB-B5D7-AFC995F7A40F}.Release|Any CPU.ActiveCfg = Release|Any CPU
		{0A585DD5-5132-4DAB-B5D7-AFC995F7A40F}.Release|Any CPU.Build.0 = Release|Any CPU
	EndGlobalSection
	GlobalSection(SolutionProperties) = preSolution
		HideSolutionNode = FALSE
	EndGlobalSection
	GlobalSection(ExtensibilityGlobals) = postSolution
		SolutionGuid = {BB889219-82E4-4A0D-903A-2A99A647EACD}
	EndGlobalSection
EndGlobal
